# THIS IS AN AUTOGENERATED FILE. DO NOT EDIT THIS FILE DIRECTLY.
# yarn lockfile v1


"@types/d3-array@*":
  version "1.2.0"
  resolved "https://registry.yarnpkg.com/@types/d3-array/-/d3-array-1.2.0.tgz#9b1fc3202fc1a9f7da0f2873bd38b443137a9d34"

"@types/d3-axis@*":
  version "1.0.8"
  resolved "https://registry.yarnpkg.com/@types/d3-axis/-/d3-axis-1.0.8.tgz#84a769823b8416110171ca3618227610726e71c4"
  dependencies:
    "@types/d3-selection" "*"

"@types/d3-brush@*":
  version "1.0.7"
  resolved "https://registry.yarnpkg.com/@types/d3-brush/-/d3-brush-1.0.7.tgz#05c30440f4d537fd23f976b0e6c4ba223001ef45"
  dependencies:
    "@types/d3-selection" "*"

"@types/d3-chord@*":
  version "1.0.6"
  resolved "https://registry.yarnpkg.com/@types/d3-chord/-/d3-chord-1.0.6.tgz#0589eb97a3191f4edaf17b7bde498462890ce1ec"

"@types/d3-collection@*":
  version "1.0.4"
  resolved "https://registry.yarnpkg.com/@types/d3-collection/-/d3-collection-1.0.4.tgz#19b1eede200ba5bdafb4c8af19afe32c2de7a660"

"@types/d3-color@*":
  version "1.0.4"
  resolved "https://registry.yarnpkg.com/@types/d3-color/-/d3-color-1.0.4.tgz#f0e1b64162fea2f932007fb966c26cc8aff3a47d"

"@types/d3-dispatch@*":
  version "1.0.4"
  resolved "https://registry.yarnpkg.com/@types/d3-dispatch/-/d3-dispatch-1.0.4.tgz#91b8de6198053efc46788ad5f27182bcc42335b5"

"@types/d3-drag@*":
  version "1.0.7"
  resolved "https://registry.yarnpkg.com/@types/d3-drag/-/d3-drag-1.0.7.tgz#233cb777770a3ac2a82b076e38b543c563381d7e"
  dependencies:
    "@types/d3-selection" "*"

"@types/d3-dsv@*":
  version "1.0.30"
  resolved "https://registry.yarnpkg.com/@types/d3-dsv/-/d3-dsv-1.0.30.tgz#78e0dddde4283566f463e51551a97a63c170d5a8"

"@types/d3-ease@*":
  version "1.0.7"
  resolved "https://registry.yarnpkg.com/@types/d3-ease/-/d3-ease-1.0.7.tgz#93a301868be9e15061f3d44343b1ab3f8acb6f09"

"@types/d3-force@*":
  version "1.0.7"
  resolved "https://registry.yarnpkg.com/@types/d3-force/-/d3-force-1.0.7.tgz#8e3c533697143ebb70275d56840206e8ba789185"

"@types/d3-format@*":
  version "1.2.0"
  resolved "https://registry.yarnpkg.com/@types/d3-format/-/d3-format-1.2.0.tgz#3e128efc9e6dd09df8fd21f1d981ab68e140a8a2"

"@types/d3-geo@*":
  version "1.6.3"
  resolved "https://registry.yarnpkg.com/@types/d3-geo/-/d3-geo-1.6.3.tgz#21b501d1fe224d88877f39f84cb8c9dd8aa1bf28"
  dependencies:
    "@types/geojson" "*"

"@types/d3-hierarchy@*":
  version "1.1.0"
  resolved "https://registry.yarnpkg.com/@types/d3-hierarchy/-/d3-hierarchy-1.1.0.tgz#50f1ee052840638035cbdd4acab1fc3470905907"

"@types/d3-interpolate@*":
  version "1.1.5"
  resolved "https://registry.yarnpkg.com/@types/d3-interpolate/-/d3-interpolate-1.1.5.tgz#956485bb0f75c07b49b33f7b44a35cfa9f7f4f46"
  dependencies:
    "@types/d3-color" "*"

"@types/d3-path@*":
  version "1.0.5"
  resolved "https://registry.yarnpkg.com/@types/d3-path/-/d3-path-1.0.5.tgz#84e54043410048a188c03100592c2b9e417664f7"

"@types/d3-polygon@*":
  version "1.0.4"
  resolved "https://registry.yarnpkg.com/@types/d3-polygon/-/d3-polygon-1.0.4.tgz#44aa10bf081c8e87642827feb6285e8280c3eee4"

"@types/d3-quadtree@*":
  version "1.0.4"
  resolved "https://registry.yarnpkg.com/@types/d3-quadtree/-/d3-quadtree-1.0.4.tgz#fb164e00a82f3105b810afad757804664742c049"

"@types/d3-queue@*":
  version "3.0.4"
  resolved "https://registry.yarnpkg.com/@types/d3-queue/-/d3-queue-3.0.4.tgz#a86b6d55e307d363aedd5153d8f1117793df6710"

"@types/d3-random@*":
  version "1.0.5"
  resolved "https://registry.yarnpkg.com/@types/d3-random/-/d3-random-1.0.5.tgz#e1d212f503376899f8a290ebae9cbf606eac856d"

"@types/d3-request@*":
  version "1.0.1"
  resolved "https://registry.yarnpkg.com/@types/d3-request/-/d3-request-1.0.1.tgz#b3e8b79c97618b396814ee8931a318efe9a51c64"
  dependencies:
    "@types/d3-dsv" "*"

"@types/d3-scale@*":
  version "1.0.8"
  resolved "https://registry.yarnpkg.com/@types/d3-scale/-/d3-scale-1.0.8.tgz#8347cbf6973e834c9eb4654f7215b7c4601df18b"
  dependencies:
    "@types/d3-time" "*"

"@types/d3-selection@*":
  version "1.0.15"
  resolved "https://registry.yarnpkg.com/@types/d3-selection/-/d3-selection-1.0.15.tgz#2cd305e72f1ebe3eebc9a9263bd3e34cc0321456"

"@types/d3-shape@*":
  version "1.0.10"
  resolved "https://registry.yarnpkg.com/@types/d3-shape/-/d3-shape-1.0.10.tgz#c487e26159d539e57caab82bcd49a6a483abc946"
  dependencies:
    "@types/d3-path" "*"

"@types/d3-time-format@*":
  version "2.0.4"
  resolved "https://registry.yarnpkg.com/@types/d3-time-format/-/d3-time-format-2.0.4.tgz#3f4749652f347bce4b1c405053b0cfc5154cf537"

"@types/d3-time@*":
  version "1.0.5"
  resolved "https://registry.yarnpkg.com/@types/d3-time/-/d3-time-1.0.5.tgz#c86f1f43dc2b22d3c6c75cd1734effeda74213e5"

"@types/d3-timer@*":
  version "1.0.5"
  resolved "https://registry.yarnpkg.com/@types/d3-timer/-/d3-timer-1.0.5.tgz#aad31e6aa185a6440f544d9167ef3194667d7f1e"

"@types/d3-transition@*":
  version "1.0.8"
  resolved "https://registry.yarnpkg.com/@types/d3-transition/-/d3-transition-1.0.8.tgz#56de7b0aed94c3637a66fc352673bff53063974f"
  dependencies:
    "@types/d3-selection" "*"

"@types/d3-voronoi@*":
  version "1.1.5"
  resolved "https://registry.yarnpkg.com/@types/d3-voronoi/-/d3-voronoi-1.1.5.tgz#67d03acb2d56006bb202c20cee1b8d5ad9fe0461"

"@types/d3-zoom@*":
  version "1.1.3"
  resolved "https://registry.yarnpkg.com/@types/d3-zoom/-/d3-zoom-1.1.3.tgz#4569be5f4f7bb01330e8cbc8ab93fd29b84f167e"
  dependencies:
    "@types/d3-interpolate" "*"
    "@types/d3-selection" "*"

"@types/d3@^4.8.0":
  version "4.8.0"
  resolved "https://registry.yarnpkg.com/@types/d3/-/d3-4.8.0.tgz#bcda7636d23839202eaf487c9a791cbdaab5320a"
  dependencies:
    "@types/d3-array" "*"
    "@types/d3-axis" "*"
    "@types/d3-brush" "*"
    "@types/d3-chord" "*"
    "@types/d3-collection" "*"
    "@types/d3-color" "*"
    "@types/d3-dispatch" "*"
    "@types/d3-drag" "*"
    "@types/d3-dsv" "*"
    "@types/d3-ease" "*"
    "@types/d3-force" "*"
    "@types/d3-format" "*"
    "@types/d3-geo" "*"
    "@types/d3-hierarchy" "*"
    "@types/d3-interpolate" "*"
    "@types/d3-path" "*"
    "@types/d3-polygon" "*"
    "@types/d3-quadtree" "*"
    "@types/d3-queue" "*"
    "@types/d3-random" "*"
    "@types/d3-request" "*"
    "@types/d3-scale" "*"
    "@types/d3-selection" "*"
    "@types/d3-shape" "*"
    "@types/d3-time" "*"
    "@types/d3-time-format" "*"
    "@types/d3-timer" "*"
    "@types/d3-transition" "*"
    "@types/d3-voronoi" "*"
    "@types/d3-zoom" "*"

"@types/geojson@*":
  version "1.0.2"
  resolved "https://registry.yarnpkg.com/@types/geojson/-/geojson-1.0.2.tgz#b02d10ab028e2928ac592a051aaa4981a1941d03"

"@types/node@^7.0.18":
  version "7.0.18"
  resolved "https://registry.yarnpkg.com/@types/node/-/node-7.0.18.tgz#cd67f27d3dc0cfb746f0bdd5e086c4c5d55be173"

ansi-regex@^2.0.0:
  version "2.1.1"
  resolved "https://registry.yarnpkg.com/ansi-regex/-/ansi-regex-2.1.1.tgz#c3b33ab5ee360d86e0e628f0468ae7ef27d654df"

ansi-styles@^2.2.1:
  version "2.2.1"
  resolved "https://registry.yarnpkg.com/ansi-styles/-/ansi-styles-2.2.1.tgz#b432dd3358b634cf75e1e4664368240533c1ddbe"

argparse@^1.0.7:
  version "1.0.9"
  resolved "https://registry.yarnpkg.com/argparse/-/argparse-1.0.9.tgz#73d83bc263f86e97f8cc4f6bae1b0e90a7d22c86"
  dependencies:
    sprintf-js "~1.0.2"

arrify@^1.0.0:
  version "1.0.1"
  resolved "https://registry.yarnpkg.com/arrify/-/arrify-1.0.1.tgz#898508da2226f380df904728456849c1501a4b0d"

asap@~2.0.3:
  version "2.0.5"
  resolved "https://registry.yarnpkg.com/asap/-/asap-2.0.5.tgz#522765b50c3510490e52d7dcfe085ef9ba96958f"

balanced-match@^0.4.1:
  version "0.4.2"
  resolved "https://registry.yarnpkg.com/balanced-match/-/balanced-match-0.4.2.tgz#cb3f3e3c732dc0f01ee70b403f302e61d7709838"

brace-expansion@^1.1.7:
  version "1.1.7"
  resolved "https://registry.yarnpkg.com/brace-expansion/-/brace-expansion-1.1.7.tgz#3effc3c50e000531fb720eaff80f0ae8ef23cf59"
  dependencies:
    balanced-match "^0.4.1"
    concat-map "0.0.1"

chalk@^1.1.1, chalk@^1.1.3:
  version "1.1.3"
  resolved "https://registry.yarnpkg.com/chalk/-/chalk-1.1.3.tgz#a8115c55e4a702fe4d150abd3872822a7e09fc98"
  dependencies:
    ansi-styles "^2.2.1"
    escape-string-regexp "^1.0.2"
    has-ansi "^2.0.0"
    strip-ansi "^3.0.0"
    supports-color "^2.0.0"

clap@^1.0.9:
  version "1.1.3"
  resolved "https://registry.yarnpkg.com/clap/-/clap-1.1.3.tgz#b3bd36e93dd4cbfb395a3c26896352445265c05b"
  dependencies:
    chalk "^1.1.3"

coa@~1.0.1:
  version "1.0.1"
  resolved "https://registry.yarnpkg.com/coa/-/coa-1.0.1.tgz#7f959346cfc8719e3f7233cd6852854a7c67d8a3"
  dependencies:
    q "^1.1.2"

colors@~1.1.2:
  version "1.1.2"
  resolved "https://registry.yarnpkg.com/colors/-/colors-1.1.2.tgz#168a4701756b6a7f51a12ce0c97bfa28c084ed63"

commander@2:
  version "2.9.0"
  resolved "https://registry.yarnpkg.com/commander/-/commander-2.9.0.tgz#9c99094176e12240cb22d6c5146098400fe0f7d4"
  dependencies:
    graceful-readlink ">= 1.0.0"

concat-map@0.0.1:
  version "0.0.1"
  resolved "https://registry.yarnpkg.com/concat-map/-/concat-map-0.0.1.tgz#d8a96bd77fd68df7793a73036a3ba0d5405d477b"

core-js@^1.0.0:
  version "1.2.7"
  resolved "https://registry.yarnpkg.com/core-js/-/core-js-1.2.7.tgz#652294c14651db28fa93bd2d5ff2983a4f08c636"

csso@~2.3.1:
  version "2.3.2"
  resolved "https://registry.yarnpkg.com/csso/-/csso-2.3.2.tgz#ddd52c587033f49e94b71fc55569f252e8ff5f85"
  dependencies:
    clap "^1.0.9"
    source-map "^0.5.3"

d3-array@1, d3-array@1.2.0:
  version "1.2.0"
  resolved "https://registry.yarnpkg.com/d3-array/-/d3-array-1.2.0.tgz#147d269720e174c4057a7f42be8b0f3f2ba53108"

d3-axis@1.0.6:
  version "1.0.6"
  resolved "https://registry.yarnpkg.com/d3-axis/-/d3-axis-1.0.6.tgz#dccbc21a73e5786de820bf1a22b237f522b878be"

d3-brush@1.0.4:
  version "1.0.4"
  resolved "https://registry.yarnpkg.com/d3-brush/-/d3-brush-1.0.4.tgz#00c2f238019f24f6c0a194a26d41a1530ffe7bc4"
  dependencies:
    d3-dispatch "1"
    d3-drag "1"
    d3-interpolate "1"
    d3-selection "1"
    d3-transition "1"

d3-chord@1.0.4:
  version "1.0.4"
  resolved "https://registry.yarnpkg.com/d3-chord/-/d3-chord-1.0.4.tgz#7dec4f0ba886f713fe111c45f763414f6f74ca2c"
  dependencies:
    d3-array "1"
    d3-path "1"

d3-collection@1, d3-collection@1.0.3:
  version "1.0.3"
  resolved "https://registry.yarnpkg.com/d3-collection/-/d3-collection-1.0.3.tgz#00bdea94fbc1628d435abbae2f4dc2164e37dd34"

d3-color@1, d3-color@1.0.3:
  version "1.0.3"
  resolved "https://registry.yarnpkg.com/d3-color/-/d3-color-1.0.3.tgz#bc7643fca8e53a8347e2fbdaffa236796b58509b"

d3-dispatch@1, d3-dispatch@1.0.3:
  version "1.0.3"
  resolved "https://registry.yarnpkg.com/d3-dispatch/-/d3-dispatch-1.0.3.tgz#46e1491eaa9b58c358fce5be4e8bed626e7871f8"

d3-drag@1, d3-drag@1.0.4:
  version "1.0.4"
  resolved "https://registry.yarnpkg.com/d3-drag/-/d3-drag-1.0.4.tgz#a9c1609f11dd5530ae275ebd64377ec54efb9d8f"
  dependencies:
    d3-dispatch "1"
    d3-selection "1"

d3-dsv@1, d3-dsv@1.0.5:
  version "1.0.5"
  resolved "https://registry.yarnpkg.com/d3-dsv/-/d3-dsv-1.0.5.tgz#419f7db47f628789fc3fdb636e678449d0821136"
  dependencies:
    commander "2"
    iconv-lite "0.4"
    rw "1"

d3-ease@1, d3-ease@1.0.3:
  version "1.0.3"
  resolved "https://registry.yarnpkg.com/d3-ease/-/d3-ease-1.0.3.tgz#68bfbc349338a380c44d8acc4fbc3304aa2d8c0e"

d3-force@1.0.6:
  version "1.0.6"
  resolved "https://registry.yarnpkg.com/d3-force/-/d3-force-1.0.6.tgz#ea7e1b7730e2664cd314f594d6718c57cc132b79"
  dependencies:
    d3-collection "1"
    d3-dispatch "1"
    d3-quadtree "1"
    d3-timer "1"

d3-format@1, d3-format@1.2.0:
  version "1.2.0"
  resolved "https://registry.yarnpkg.com/d3-format/-/d3-format-1.2.0.tgz#6b480baa886885d4651dc248a8f4ac9da16db07a"

d3-geo@1.6.3:
  version "1.6.3"
  resolved "https://registry.yarnpkg.com/d3-geo/-/d3-geo-1.6.3.tgz#21683a43a061eaba21a7f254b51d5937eb640756"
  dependencies:
    d3-array "1"

d3-hierarchy@1.1.4:
  version "1.1.4"
  resolved "https://registry.yarnpkg.com/d3-hierarchy/-/d3-hierarchy-1.1.4.tgz#96c3942f3f21cf997a11b4edf00dde2a77b4c6d0"

d3-interpolate@1, d3-interpolate@1.1.4:
  version "1.1.4"
  resolved "https://registry.yarnpkg.com/d3-interpolate/-/d3-interpolate-1.1.4.tgz#a43ec5b3bee350d8516efdf819a4c08c053db302"
  dependencies:
    d3-color "1"

d3-path@1, d3-path@1.0.5:
  version "1.0.5"
  resolved "https://registry.yarnpkg.com/d3-path/-/d3-path-1.0.5.tgz#241eb1849bd9e9e8021c0d0a799f8a0e8e441764"

d3-polygon@1.0.3:
  version "1.0.3"
  resolved "https://registry.yarnpkg.com/d3-polygon/-/d3-polygon-1.0.3.tgz#16888e9026460933f2b179652ad378224d382c62"

d3-quadtree@1, d3-quadtree@1.0.3:
  version "1.0.3"
  resolved "https://registry.yarnpkg.com/d3-quadtree/-/d3-quadtree-1.0.3.tgz#ac7987e3e23fe805a990f28e1b50d38fcb822438"

d3-queue@3.0.5:
  version "3.0.5"
  resolved "https://registry.yarnpkg.com/d3-queue/-/d3-queue-3.0.5.tgz#0ceffe1f131c459b13b9f69f1056b41dfc33c00d"

d3-random@1.0.3:
  version "1.0.3"
  resolved "https://registry.yarnpkg.com/d3-random/-/d3-random-1.0.3.tgz#6526c844aa5e7c457e29ddacd6f2734f845b42c1"

d3-request@1.0.5:
  version "1.0.5"
  resolved "https://registry.yarnpkg.com/d3-request/-/d3-request-1.0.5.tgz#4daae946d1dd0d57dfe01f022956354958d51f23"
  dependencies:
    d3-collection "1"
    d3-dispatch "1"
    d3-dsv "1"
    xmlhttprequest "1"

d3-scale@1.0.5:
  version "1.0.5"
  resolved "https://registry.yarnpkg.com/d3-scale/-/d3-scale-1.0.5.tgz#418506f0fb18eb052b385e196398acc2a4134858"
  dependencies:
    d3-array "1"
    d3-collection "1"
    d3-color "1"
    d3-format "1"
    d3-interpolate "1"
    d3-time "1"
    d3-time-format "2"

d3-selection@1, d3-selection@1.0.5:
  version "1.0.5"
  resolved "https://registry.yarnpkg.com/d3-selection/-/d3-selection-1.0.5.tgz#948c73b41a44e28d1742ae2ff207c2aebca2734b"

d3-shape@1.0.6:
  version "1.0.6"
  resolved "https://registry.yarnpkg.com/d3-shape/-/d3-shape-1.0.6.tgz#b09e305cf0c7c6b9a98c90e6b42f62dac4bcfd5b"
  dependencies:
    d3-path "1"

d3-time-format@2, d3-time-format@2.0.5:
  version "2.0.5"
  resolved "https://registry.yarnpkg.com/d3-time-format/-/d3-time-format-2.0.5.tgz#9d7780204f7c9119c9170b1a56db4de9a8af972e"
  dependencies:
    d3-time "1"

d3-time@1, d3-time@1.0.6:
  version "1.0.6"
  resolved "https://registry.yarnpkg.com/d3-time/-/d3-time-1.0.6.tgz#a55b13d7d15d3a160ae91708232e0835f1d5e945"

d3-timer@1, d3-timer@1.0.5:
  version "1.0.5"
  resolved "https://registry.yarnpkg.com/d3-timer/-/d3-timer-1.0.5.tgz#b266d476c71b0d269e7ac5f352b410a3b6fe6ef0"

d3-transition@1, d3-transition@1.0.4:
  version "1.0.4"
  resolved "https://registry.yarnpkg.com/d3-transition/-/d3-transition-1.0.4.tgz#e1a9ebae3869a9d9c2874ab00841fa8313ae5de5"
  dependencies:
    d3-color "1"
    d3-dispatch "1"
    d3-ease "1"
    d3-interpolate "1"
    d3-selection "1"
    d3-timer "1"

d3-voronoi@1.1.2:
  version "1.1.2"
  resolved "https://registry.yarnpkg.com/d3-voronoi/-/d3-voronoi-1.1.2.tgz#1687667e8f13a2d158c80c1480c5a29cb0d8973c"

d3-zoom@1.1.4:
  version "1.1.4"
  resolved "https://registry.yarnpkg.com/d3-zoom/-/d3-zoom-1.1.4.tgz#903fd2c988b5cace43f00dcf7aae09470c9cc12d"
  dependencies:
    d3-dispatch "1"
    d3-drag "1"
    d3-interpolate "1"
    d3-selection "1"
    d3-transition "1"

d3@^4.8.0:
  version "4.8.0"
  resolved "https://registry.yarnpkg.com/d3/-/d3-4.8.0.tgz#1ad8d18997869c90b6ad6114e9b92425cee78460"
  dependencies:
    d3-array "1.2.0"
    d3-axis "1.0.6"
    d3-brush "1.0.4"
    d3-chord "1.0.4"
    d3-collection "1.0.3"
    d3-color "1.0.3"
    d3-dispatch "1.0.3"
    d3-drag "1.0.4"
    d3-dsv "1.0.5"
    d3-ease "1.0.3"
    d3-force "1.0.6"
    d3-format "1.2.0"
    d3-geo "1.6.3"
    d3-hierarchy "1.1.4"
    d3-interpolate "1.1.4"
    d3-path "1.0.5"
    d3-polygon "1.0.3"
    d3-quadtree "1.0.3"
    d3-queue "3.0.5"
    d3-random "1.0.3"
    d3-request "1.0.5"
    d3-scale "1.0.5"
    d3-selection "1.0.5"
    d3-shape "1.0.6"
    d3-time "1.0.6"
    d3-time-format "2.0.5"
    d3-timer "1.0.5"
    d3-transition "1.0.4"
    d3-voronoi "1.1.2"
    d3-zoom "1.1.4"

diff@^3.1.0:
  version "3.2.0"
  resolved "https://registry.yarnpkg.com/diff/-/diff-3.2.0.tgz#c9ce393a4b7cbd0b058a725c93df299027868ff9"

encoding@^0.1.11:
  version "0.1.12"
  resolved "https://registry.yarnpkg.com/encoding/-/encoding-0.1.12.tgz#538b66f3ee62cd1ab51ec323829d1f9480c74beb"
  dependencies:
    iconv-lite "~0.4.13"

escape-string-regexp@^1.0.2:
  version "1.0.5"
  resolved "https://registry.yarnpkg.com/escape-string-regexp/-/escape-string-regexp-1.0.5.tgz#1b61c0562190a8dff6ae3bb2cf0200ca130b86d4"

esprima@^2.6.0:
  version "2.7.3"
  resolved "https://registry.yarnpkg.com/esprima/-/esprima-2.7.3.tgz#96e3b70d5779f6ad49cd032673d1c312767ba581"

fbjs@^0.8.9:
  version "0.8.12"
  resolved "https://registry.yarnpkg.com/fbjs/-/fbjs-0.8.12.tgz#10b5d92f76d45575fd63a217d4ea02bea2f8ed04"
  dependencies:
    core-js "^1.0.0"
    isomorphic-fetch "^2.1.1"
    loose-envify "^1.0.0"
    object-assign "^4.1.0"
    promise "^7.1.1"
    setimmediate "^1.0.5"
    ua-parser-js "^0.7.9"

filendir@^1.0.0:
  version "1.0.0"
  resolved "https://registry.yarnpkg.com/filendir/-/filendir-1.0.0.tgz#745b445afcc4970a4cdb00fd9539c77ed942adf6"
  dependencies:
    mkdirp "^0.5.0"

fs.realpath@^1.0.0:
  version "1.0.0"
  resolved "https://registry.yarnpkg.com/fs.realpath/-/fs.realpath-1.0.0.tgz#1504ad2523158caa40db4a2787cb01411994ea4f"

glob@^7.1.1:
  version "7.1.1"
  resolved "https://registry.yarnpkg.com/glob/-/glob-7.1.1.tgz#805211df04faaf1c63a3600306cdf5ade50b2ec8"
  dependencies:
    fs.realpath "^1.0.0"
    inflight "^1.0.4"
    inherits "2"
    minimatch "^3.0.2"
    once "^1.3.0"
    path-is-absolute "^1.0.0"

"graceful-readlink@>= 1.0.0":
  version "1.0.1"
  resolved "https://registry.yarnpkg.com/graceful-readlink/-/graceful-readlink-1.0.1.tgz#4cafad76bc62f02fa039b2f94e9a3dd3a391a725"

has-ansi@^2.0.0:
  version "2.0.0"
  resolved "https://registry.yarnpkg.com/has-ansi/-/has-ansi-2.0.0.tgz#34f5049ce1ecdf2b0649af3ef24e45ed35416d91"
  dependencies:
    ansi-regex "^2.0.0"

iconv-lite@0.4, iconv-lite@~0.4.13:
  version "0.4.17"
  resolved "https://registry.yarnpkg.com/iconv-lite/-/iconv-lite-0.4.17.tgz#4fdaa3b38acbc2c031b045d0edcdfe1ecab18c8d"

inflight@^1.0.4:
  version "1.0.6"
  resolved "https://registry.yarnpkg.com/inflight/-/inflight-1.0.6.tgz#49bd6331d7d02d0c09bc910a1075ba8165b56df9"
  dependencies:
    once "^1.3.0"
    wrappy "1"

inherits@2:
  version "2.0.3"
  resolved "https://registry.yarnpkg.com/inherits/-/inherits-2.0.3.tgz#633c2c83e3da42a502f52466022480f4208261de"

is-stream@^1.0.1:
  version "1.1.0"
  resolved "https://registry.yarnpkg.com/is-stream/-/is-stream-1.1.0.tgz#12d4a3dd4e68e0b79ceb8dbc84173ae80d91ca44"

isomorphic-fetch@^2.1.1:
  version "2.2.1"
  resolved "https://registry.yarnpkg.com/isomorphic-fetch/-/isomorphic-fetch-2.2.1.tgz#611ae1acf14f5e81f729507472819fe9733558a9"
  dependencies:
    node-fetch "^1.0.1"
    whatwg-fetch ">=0.10.0"

js-tokens@^3.0.0:
  version "3.0.1"
  resolved "https://registry.yarnpkg.com/js-tokens/-/js-tokens-3.0.1.tgz#08e9f132484a2c45a30907e9dc4d5567b7f114d7"

js-yaml@~3.7.0:
  version "3.7.0"
  resolved "https://registry.yarnpkg.com/js-yaml/-/js-yaml-3.7.0.tgz#5c967ddd837a9bfdca5f2de84253abe8a1c03b80"
  dependencies:
    argparse "^1.0.7"
    esprima "^2.6.0"

lodash@^4.17.4:
  version "4.17.4"
  resolved "https://registry.yarnpkg.com/lodash/-/lodash-4.17.4.tgz#78203a4d1c328ae1d86dca6460e369b57f4055ae"

loose-envify@^1.0.0, loose-envify@^1.1.0, loose-envify@^1.3.1:
  version "1.3.1"
  resolved "https://registry.yarnpkg.com/loose-envify/-/loose-envify-1.3.1.tgz#d1a8ad33fa9ce0e713d65fdd0ac8b748d478c848"
  dependencies:
    js-tokens "^3.0.0"

make-error@^1.1.1:
  version "1.2.3"
  resolved "https://registry.yarnpkg.com/make-error/-/make-error-1.2.3.tgz#6c4402df732e0977ac6faf754a5074b3d2b1d19d"

minimatch@^3.0.2:
  version "3.0.4"
  resolved "https://registry.yarnpkg.com/minimatch/-/minimatch-3.0.4.tgz#5166e286457f03306064be5497e8dbb0c3d32083"
  dependencies:
    brace-expansion "^1.1.7"

minimist@0.0.8:
  version "0.0.8"
  resolved "https://registry.yarnpkg.com/minimist/-/minimist-0.0.8.tgz#857fcabfc3397d2625b8228262e86aa7a011b05d"

minimist@^1.2.0:
  version "1.2.0"
  resolved "https://registry.yarnpkg.com/minimist/-/minimist-1.2.0.tgz#a35008b20f41383eec1fb914f4cd5df79a264284"

mkdirp@^0.5.0, mkdirp@^0.5.1, mkdirp@~0.5.1:
  version "0.5.1"
  resolved "https://registry.yarnpkg.com/mkdirp/-/mkdirp-0.5.1.tgz#30057438eac6cf7f8c4767f38648d6697d75c903"
  dependencies:
    minimist "0.0.8"

node-fetch@^1.0.1:
  version "1.6.3"
  resolved "https://registry.yarnpkg.com/node-fetch/-/node-fetch-1.6.3.tgz#dc234edd6489982d58e8f0db4f695029abcd8c04"
  dependencies:
    encoding "^0.1.11"
    is-stream "^1.0.1"

object-assign@^4.1.0, object-assign@^4.1.1:
  version "4.1.1"
  resolved "https://registry.yarnpkg.com/object-assign/-/object-assign-4.1.1.tgz#2109adc7965887cfc05cbbd442cac8bfbb360863"

once@^1.3.0:
  version "1.4.0"
  resolved "https://registry.yarnpkg.com/once/-/once-1.4.0.tgz#583b1aa775961d4b113ac17d9c50baef9dd76bd1"
  dependencies:
    wrappy "1"

path-is-absolute@^1.0.0:
  version "1.0.1"
  resolved "https://registry.yarnpkg.com/path-is-absolute/-/path-is-absolute-1.0.1.tgz#174b9268735534ffbc7ace6bf53a5a9e1b5c5f5f"

promise@^7.1.1:
  version "7.1.1"
  resolved "https://registry.yarnpkg.com/promise/-/promise-7.1.1.tgz#489654c692616b8aa55b0724fa809bb7db49c5bf"
  dependencies:
    asap "~2.0.3"

prop-types@^15.5.7, prop-types@^15.5.9, prop-types@~15.5.7:
  version "15.5.9"
  resolved "https://registry.yarnpkg.com/prop-types/-/prop-types-15.5.9.tgz#d478eef0e761396942f70c78e772f76e8be747c9"
  dependencies:
    fbjs "^0.8.9"
    loose-envify "^1.3.1"

q@^1.1.2:
  version "1.5.0"
  resolved "https://registry.yarnpkg.com/q/-/q-1.5.0.tgz#dd01bac9d06d30e6f219aecb8253ee9ebdc308f1"

react-dom@^15.5.4:
  version "15.5.4"
  resolved "https://registry.yarnpkg.com/react-dom/-/react-dom-15.5.4.tgz#ba0c28786fd52ed7e4f2135fe0288d462aef93da"
  dependencies:
    fbjs "^0.8.9"
    loose-envify "^1.1.0"
    object-assign "^4.1.0"
    prop-types "~15.5.7"

react@^15.5.4:
  version "15.5.4"
  resolved "https://registry.yarnpkg.com/react/-/react-15.5.4.tgz#fa83eb01506ab237cdc1c8c3b1cea8de012bf047"
  dependencies:
    fbjs "^0.8.9"
    loose-envify "^1.1.0"
    object-assign "^4.1.0"
    prop-types "^15.5.7"

rw@1:
  version "1.3.3"
  resolved "https://registry.yarnpkg.com/rw/-/rw-1.3.3.tgz#3f862dfa91ab766b14885ef4d01124bfda074fb4"

sax@~1.2.1:
  version "1.2.2"
  resolved "https://registry.yarnpkg.com/sax/-/sax-1.2.2.tgz#fd8631a23bc7826bef5d871bdb87378c95647828"

setimmediate@^1.0.5:
  version "1.0.5"
  resolved "https://registry.yarnpkg.com/setimmediate/-/setimmediate-1.0.5.tgz#290cbb232e306942d7d7ea9b83732ab7856f8285"

source-map-support@^0.4.0:
  version "0.4.15"
  resolved "https://registry.yarnpkg.com/source-map-support/-/source-map-support-0.4.15.tgz#03202df65c06d2bd8c7ec2362a193056fef8d3b1"
  dependencies:
    source-map "^0.5.6"

source-map@^0.5.3, source-map@^0.5.6:
  version "0.5.6"
  resolved "https://registry.yarnpkg.com/source-map/-/source-map-0.5.6.tgz#75ce38f52bf0733c5a7f0c118d81334a2bb5f412"

sprintf-js@~1.0.2:
  version "1.0.3"
  resolved "https://registry.yarnpkg.com/sprintf-js/-/sprintf-js-1.0.3.tgz#04e6926f662895354f3dd015203633b857297e2c"

strip-ansi@^3.0.0:
  version "3.0.1"
  resolved "https://registry.yarnpkg.com/strip-ansi/-/strip-ansi-3.0.1.tgz#6a385fb8853d952d5ff05d0e8aaf94278dc63dcf"
  dependencies:
    ansi-regex "^2.0.0"

strip-bom@^3.0.0:
  version "3.0.0"
  resolved "https://registry.yarnpkg.com/strip-bom/-/strip-bom-3.0.0.tgz#2334c18e9c759f7bdd56fdef7e9ae3d588e68ed3"

strip-json-comments@^2.0.0:
  version "2.0.1"
  resolved "https://registry.yarnpkg.com/strip-json-comments/-/strip-json-comments-2.0.1.tgz#3c531942e908c2697c0ec344858c286c7ca0a60a"

supports-color@^2.0.0:
  version "2.0.0"
  resolved "https://registry.yarnpkg.com/supports-color/-/supports-color-2.0.0.tgz#535d045ce6b6363fa40117084629995e9df324c7"

svgo@^0.7.2:
  version "0.7.2"
  resolved "https://registry.yarnpkg.com/svgo/-/svgo-0.7.2.tgz#9f5772413952135c6fefbf40afe6a4faa88b4bb5"
  dependencies:
    coa "~1.0.1"
    colors "~1.1.2"
    csso "~2.3.1"
    js-yaml "~3.7.0"
    mkdirp "~0.5.1"
    sax "~1.2.1"
    whet.extend "~0.9.9"

topojson-client@3, topojson-client@3.0.0:
  version "3.0.0"
  resolved "https://registry.yarnpkg.com/topojson-client/-/topojson-client-3.0.0.tgz#1f99293a77ef42a448d032a81aa982b73f360d2f"
  dependencies:
    commander "2"

topojson-server@3.0.0:
  version "3.0.0"
  resolved "https://registry.yarnpkg.com/topojson-server/-/topojson-server-3.0.0.tgz#378e78e87c3972a7b5be2c5d604369b6bae69c5e"
  dependencies:
    commander "2"

topojson-simplify@3.0.0:
  version "3.0.0"
  resolved "https://registry.yarnpkg.com/topojson-simplify/-/topojson-simplify-3.0.0.tgz#58527d26ca85bd8589b5800f6c10e93885245ae5"
  dependencies:
    commander "2"
    topojson-client "3"

topojson@^3.0.0:
  version "3.0.0"
  resolved "https://registry.yarnpkg.com/topojson/-/topojson-3.0.0.tgz#c2aca1b76435e801dce3f229586bbd5767115ce3"
  dependencies:
    topojson-client "3.0.0"
    topojson-server "3.0.0"
    topojson-simplify "3.0.0"

ts-node@^3.0.4:
  version "3.0.4"
  resolved "https://registry.yarnpkg.com/ts-node/-/ts-node-3.0.4.tgz#a1475ebf24fd4e2ee2fba8b1aa1605b977bde506"
  dependencies:
    arrify "^1.0.0"
    chalk "^1.1.1"
    diff "^3.1.0"
    make-error "^1.1.1"
    minimist "^1.2.0"
    mkdirp "^0.5.1"
    source-map-support "^0.4.0"
    tsconfig "^6.0.0"
    v8flags "^2.0.11"
    yn "^1.2.0"

tsconfig@^6.0.0:
  version "6.0.0"
  resolved "https://registry.yarnpkg.com/tsconfig/-/tsconfig-6.0.0.tgz#6b0e8376003d7af1864f8df8f89dd0059ffcd032"
  dependencies:
    strip-bom "^3.0.0"
    strip-json-comments "^2.0.0"

typescript@^2.3.2:
  version "2.3.2"
  resolved "https://registry.yarnpkg.com/typescript/-/typescript-2.3.2.tgz#f0f045e196f69a72f06b25fd3bd39d01c3ce9984"

ua-parser-js@^0.7.9:
  version "0.7.12"
  resolved "https://registry.yarnpkg.com/ua-parser-js/-/ua-parser-js-0.7.12.tgz#04c81a99bdd5dc52263ea29d24c6bf8d4818a4bb"

user-home@^1.1.1:
  version "1.1.1"
  resolved "https://registry.yarnpkg.com/user-home/-/user-home-1.1.1.tgz#2b5be23a32b63a7c9deb8d0f28d485724a3df190"

v8flags@^2.0.11:
  version "2.1.1"
  resolved "https://registry.yarnpkg.com/v8flags/-/v8flags-2.1.1.tgz#aab1a1fa30d45f88dd321148875ac02c0b55e5b4"
  dependencies:
    user-home "^1.1.1"

whatwg-fetch@>=0.10.0:
  version "2.0.3"
  resolved "https://registry.yarnpkg.com/whatwg-fetch/-/whatwg-fetch-2.0.3.tgz#9c84ec2dcf68187ff00bc64e1274b442176e1c84"

whet.extend@~0.9.9:
  version "0.9.9"
  resolved "https://registry.yarnpkg.com/whet.extend/-/whet.extend-0.9.9.tgz#f877d5bf648c97e5aa542fadc16d6a259b9c11a1"

wrappy@1:
  version "1.0.2"
  resolved "https://registry.yarnpkg.com/wrappy/-/wrappy-1.0.2.tgz#b5243d8f3ec1aa35f1364605bc0d1036e30ab69f"

xmlhttprequest@1:
  version "1.8.0"
  resolved "https://registry.yarnpkg.com/xmlhttprequest/-/xmlhttprequest-1.8.0.tgz#67fe075c5c24fef39f9d65f5f7b7fe75171968fc"

yn@^1.2.0:
  version "1.3.0"
  resolved "https://registry.yarnpkg.com/yn/-/yn-1.3.0.tgz#1b0812abb8d805d48966f8df385dc9dacc9a19d8"
  dependencies:
    object-assign "^4.1.1"
